
Microsoft Visual Studio Solution File, Format Version 12.00
Project("{2150E333-8FDC-42A3-9474-1A3956D46DE8}") = "2024", "2024", "{C03D460F-1FC7-4F4B-BFE2-2B8CEB3C97F1}"
EndProject
Project("{FAE04EC0-301F-11D3-BF4B-00C04F79EFBC}") = "SharedUtils", "SharedUtils\SharedUtils.csproj", "{B1588C5B-C849-46E2-91AA-86277FA86576}"
EndProject
Project("{FAE04EC0-301F-11D3-BF4B-00C04F79EFBC}") = "2021\Day1", "2021\Day1\Day1.csproj", "{BDDC2015-4716-4A8E-88D5-4E1A09FCC997}"
EndProject
Project("{2150E333-8FDC-42A3-9474-1A3956D46DE8}") = "2021", "2021", "{70D74770-CC0A-4A8D-A946-ECFCC7ED9E58}"
EndProject
Project("{FAE04EC0-301F-11D3-BF4B-00C04F79EFBC}") = "Day1", "2024\Day1\Day1.csproj", "{6BE0852B-38B5-4353-8152-C29B1BFF1CB4}"
EndProject
Project("{FAE04EC0-301F-11D3-BF4B-00C04F79EFBC}") = "Day2", "2024\Day2\Day2.csproj", "{1CD05839-7368-4BEC-8315-FCB96F425F74}"
EndProject
Project("{FAE04EC0-301F-11D3-BF4B-00C04F79EFBC}") = "Day3", "2024\Day3\Day3.csproj", "{EC34C17F-F7E6-46AB-80AE-E1BA2EC9324A}"
EndProject
Project("{FAE04EC0-301F-11D3-BF4B-00C04F79EFBC}") = "Day4", "2024\Day4\Day4.csproj", "{97B84ED5-B4E5-4D68-8D63-6FF00B5F2E2D}"
EndProject
Project("{FAE04EC0-301F-11D3-BF4B-00C04F79EFBC}") = "Day5", "2024\Day5\Day5.csproj", "{D713518C-9386-443F-ACB1-4F3916F6A865}"
EndProject
Project("{FAE04EC0-301F-11D3-BF4B-00C04F79EFBC}") = "Day6", "2024\Day6\Day6.csproj", "{A313FF07-585C-486A-8183-872164A189EE}"
EndProject
Project("{FAE04EC0-301F-11D3-BF4B-00C04F79EFBC}") = "Day7", "2024\Day7\Day7.csproj", "{08E3C755-EF46-4BCA-A946-ECF997DDDEF8}"
EndProject
Project("{FAE04EC0-301F-11D3-BF4B-00C04F79EFBC}") = "Day8", "2024\Day8\Day8.csproj", "{FBE1485E-B938-4902-A8D0-8CAAE1748E83}"
EndProject
Project("{FAE04EC0-301F-11D3-BF4B-00C04F79EFBC}") = "Day9", "2024\Day9\Day9.csproj", "{F44F3635-5A65-47B0-A620-C9E5D1E22BFB}"
EndProject
Project("{FAE04EC0-301F-11D3-BF4B-00C04F79EFBC}") = "Day11", "2024\Day11\Day11.csproj", "{77AEF75F-E0E9-4F97-8049-CB5D588ADFCF}"
EndProject
Project("{FAE04EC0-301F-11D3-BF4B-00C04F79EFBC}") = "Day14", "2024\Day14\Day14.csproj", "{3709C3A1-A74A-402A-86F2-E4D23B5A0933}"
EndProject
Global
	GlobalSection(SolutionConfigurationPlatforms) = preSolution
		Debug|Any CPU = Debug|Any CPU
		Release|Any CPU = Release|Any CPU
	EndGlobalSection
	GlobalSection(ProjectConfigurationPlatforms) = postSolution
		{B1588C5B-C849-46E2-91AA-86277FA86576}.Debug|Any CPU.ActiveCfg = Debug|Any CPU
		{B1588C5B-C849-46E2-91AA-86277FA86576}.Debug|Any CPU.Build.0 = Debug|Any CPU
		{B1588C5B-C849-46E2-91AA-86277FA86576}.Release|Any CPU.ActiveCfg = Release|Any CPU
		{B1588C5B-C849-46E2-91AA-86277FA86576}.Release|Any CPU.Build.0 = Release|Any CPU
		{BDDC2015-4716-4A8E-88D5-4E1A09FCC997}.Debug|Any CPU.ActiveCfg = Debug|Any CPU
		{BDDC2015-4716-4A8E-88D5-4E1A09FCC997}.Debug|Any CPU.Build.0 = Debug|Any CPU
		{BDDC2015-4716-4A8E-88D5-4E1A09FCC997}.Release|Any CPU.ActiveCfg = Release|Any CPU
		{BDDC2015-4716-4A8E-88D5-4E1A09FCC997}.Release|Any CPU.Build.0 = Release|Any CPU
		{6BE0852B-38B5-4353-8152-C29B1BFF1CB4}.Debug|Any CPU.ActiveCfg = Debug|Any CPU
		{6BE0852B-38B5-4353-8152-C29B1BFF1CB4}.Debug|Any CPU.Build.0 = Debug|Any CPU
		{6BE0852B-38B5-4353-8152-C29B1BFF1CB4}.Release|Any CPU.ActiveCfg = Release|Any CPU
		{6BE0852B-38B5-4353-8152-C29B1BFF1CB4}.Release|Any CPU.Build.0 = Release|Any CPU
		{1CD05839-7368-4BEC-8315-FCB96F425F74}.Debug|Any CPU.ActiveCfg = Debug|Any CPU
		{1CD05839-7368-4BEC-8315-FCB96F425F74}.Debug|Any CPU.Build.0 = Debug|Any CPU
		{1CD05839-7368-4BEC-8315-FCB96F425F74}.Release|Any CPU.ActiveCfg = Release|Any CPU
		{1CD05839-7368-4BEC-8315-FCB96F425F74}.Release|Any CPU.Build.0 = Release|Any CPU
		{EC34C17F-F7E6-46AB-80AE-E1BA2EC9324A}.Debug|Any CPU.ActiveCfg = Debug|Any CPU
		{EC34C17F-F7E6-46AB-80AE-E1BA2EC9324A}.Debug|Any CPU.Build.0 = Debug|Any CPU
		{EC34C17F-F7E6-46AB-80AE-E1BA2EC9324A}.Release|Any CPU.ActiveCfg = Release|Any CPU
		{EC34C17F-F7E6-46AB-80AE-E1BA2EC9324A}.Release|Any CPU.Build.0 = Release|Any CPU
		{97B84ED5-B4E5-4D68-8D63-6FF00B5F2E2D}.Debug|Any CPU.ActiveCfg = Debug|Any CPU
		{97B84ED5-B4E5-4D68-8D63-6FF00B5F2E2D}.Debug|Any CPU.Build.0 = Debug|Any CPU
		{97B84ED5-B4E5-4D68-8D63-6FF00B5F2E2D}.Release|Any CPU.ActiveCfg = Release|Any CPU
		{97B84ED5-B4E5-4D68-8D63-6FF00B5F2E2D}.Release|Any CPU.Build.0 = Release|Any CPU
		{D713518C-9386-443F-ACB1-4F3916F6A865}.Debug|Any CPU.ActiveCfg = Debug|Any CPU
		{D713518C-9386-443F-ACB1-4F3916F6A865}.Debug|Any CPU.Build.0 = Debug|Any CPU
		{D713518C-9386-443F-ACB1-4F3916F6A865}.Release|Any CPU.ActiveCfg = Release|Any CPU
		{D713518C-9386-443F-ACB1-4F3916F6A865}.Release|Any CPU.Build.0 = Release|Any CPU
		{A313FF07-585C-486A-8183-872164A189EE}.Debug|Any CPU.ActiveCfg = Debug|Any CPU
		{A313FF07-585C-486A-8183-872164A189EE}.Debug|Any CPU.Build.0 = Debug|Any CPU
		{A313FF07-585C-486A-8183-872164A189EE}.Release|Any CPU.ActiveCfg = Release|Any CPU
		{A313FF07-585C-486A-8183-872164A189EE}.Release|Any CPU.Build.0 = Release|Any CPU
		{08E3C755-EF46-4BCA-A946-ECF997DDDEF8}.Debug|Any CPU.ActiveCfg = Debug|Any CPU
		{08E3C755-EF46-4BCA-A946-ECF997DDDEF8}.Debug|Any CPU.Build.0 = Debug|Any CPU
		{08E3C755-EF46-4BCA-A946-ECF997DDDEF8}.Release|Any CPU.ActiveCfg = Release|Any CPU
		{08E3C755-EF46-4BCA-A946-ECF997DDDEF8}.Release|Any CPU.Build.0 = Release|Any CPU
		{FBE1485E-B938-4902-A8D0-8CAAE1748E83}.Debug|Any CPU.ActiveCfg = Debug|Any CPU
		{FBE1485E-B938-4902-A8D0-8CAAE1748E83}.Debug|Any CPU.Build.0 = Debug|Any CPU
		{FBE1485E-B938-4902-A8D0-8CAAE1748E83}.Release|Any CPU.ActiveCfg = Release|Any CPU
		{FBE1485E-B938-4902-A8D0-8CAAE1748E83}.Release|Any CPU.Build.0 = Release|Any CPU
		{F44F3635-5A65-47B0-A620-C9E5D1E22BFB}.Debug|Any CPU.ActiveCfg = Debug|Any CPU
		{F44F3635-5A65-47B0-A620-C9E5D1E22BFB}.Debug|Any CPU.Build.0 = Debug|Any CPU
		{F44F3635-5A65-47B0-A620-C9E5D1E22BFB}.Release|Any CPU.ActiveCfg = Release|Any CPU
		{F44F3635-5A65-47B0-A620-C9E5D1E22BFB}.Release|Any CPU.Build.0 = Release|Any CPU
		{77AEF75F-E0E9-4F97-8049-CB5D588ADFCF}.Debug|Any CPU.ActiveCfg = Debug|Any CPU
		{77AEF75F-E0E9-4F97-8049-CB5D588ADFCF}.Debug|Any CPU.Build.0 = Debug|Any CPU
		{77AEF75F-E0E9-4F97-8049-CB5D588ADFCF}.Release|Any CPU.ActiveCfg = Release|Any CPU
		{77AEF75F-E0E9-4F97-8049-CB5D588ADFCF}.Release|Any CPU.Build.0 = Release|Any CPU
		{3709C3A1-A74A-402A-86F2-E4D23B5A0933}.Debug|Any CPU.ActiveCfg = Debug|Any CPU
		{3709C3A1-A74A-402A-86F2-E4D23B5A0933}.Debug|Any CPU.Build.0 = Debug|Any CPU
		{3709C3A1-A74A-402A-86F2-E4D23B5A0933}.Release|Any CPU.ActiveCfg = Release|Any CPU
		{3709C3A1-A74A-402A-86F2-E4D23B5A0933}.Release|Any CPU.Build.0 = Release|Any CPU
	EndGlobalSection
	GlobalSection(NestedProjects) = preSolution
		{BDDC2015-4716-4A8E-88D5-4E1A09FCC997} = {70D74770-CC0A-4A8D-A946-ECFCC7ED9E58}
		{6BE0852B-38B5-4353-8152-C29B1BFF1CB4} = {C03D460F-1FC7-4F4B-BFE2-2B8CEB3C97F1}
		{1CD05839-7368-4BEC-8315-FCB96F425F74} = {C03D460F-1FC7-4F4B-BFE2-2B8CEB3C97F1}
		{EC34C17F-F7E6-46AB-80AE-E1BA2EC9324A} = {C03D460F-1FC7-4F4B-BFE2-2B8CEB3C97F1}
		{97B84ED5-B4E5-4D68-8D63-6FF00B5F2E2D} = {C03D460F-1FC7-4F4B-BFE2-2B8CEB3C97F1}
		{D713518C-9386-443F-ACB1-4F3916F6A865} = {C03D460F-1FC7-4F4B-BFE2-2B8CEB3C97F1}
		{A313FF07-585C-486A-8183-872164A189EE} = {C03D460F-1FC7-4F4B-BFE2-2B8CEB3C97F1}
		{08E3C755-EF46-4BCA-A946-ECF997DDDEF8} = {C03D460F-1FC7-4F4B-BFE2-2B8CEB3C97F1}
		{FBE1485E-B938-4902-A8D0-8CAAE1748E83} = {C03D460F-1FC7-4F4B-BFE2-2B8CEB3C97F1}
		{F44F3635-5A65-47B0-A620-C9E5D1E22BFB} = {C03D460F-1FC7-4F4B-BFE2-2B8CEB3C97F1}
		{77AEF75F-E0E9-4F97-8049-CB5D588ADFCF} = {C03D460F-1FC7-4F4B-BFE2-2B8CEB3C97F1}
		{3709C3A1-A74A-402A-86F2-E4D23B5A0933} = {C03D460F-1FC7-4F4B-BFE2-2B8CEB3C97F1}
	EndGlobalSection
EndGlobal
